// !$*UTF8*$!
{
	archiveVersion = 1;
	classes = {
	};
	objectVersion = 55;
	objects = {

/* Begin PBXBuildFile section */
		D00268BC28DF9B0200B7DD83 /* ManastirPreviewView.swift in Sources */ = {isa = PBXBuildFile; fileRef = D00268BB28DF9B0200B7DD83 /* ManastirPreviewView.swift */; };
		D00FDD0828E839C3000AFA56 /* PravoslavljeContainer.xcdatamodeld in Sources */ = {isa = PBXBuildFile; fileRef = D00FDD0628E839C3000AFA56 /* PravoslavljeContainer.xcdatamodeld */; };
		D03CEF0328DD8BF100524F91 /* ManastiriView.swift in Sources */ = {isa = PBXBuildFile; fileRef = D03CEF0228DD8BF100524F91 /* ManastiriView.swift */; };
		D03CEF0628DD8C7200524F91 /* ManastiriViewModel.swift in Sources */ = {isa = PBXBuildFile; fileRef = D03CEF0528DD8C7200524F91 /* ManastiriViewModel.swift */; };
		D04BD074290F1ADE00B27CB3 /* LaunchScreen.swift in Sources */ = {isa = PBXBuildFile; fileRef = D04BD073290F1ADE00B27CB3 /* LaunchScreen.swift */; };
		D0637C862892708D00C33D4E /* CalendarView.swift in Sources */ = {isa = PBXBuildFile; fileRef = D0637C852892708D00C33D4E /* CalendarView.swift */; };
		D0637C8E2892B56F00C33D4E /* CalendarCell.swift in Sources */ = {isa = PBXBuildFile; fileRef = D0637C8D2892B56F00C33D4E /* CalendarCell.swift */; };
		D09418442895500B009373CF /* PraznikView.swift in Sources */ = {isa = PBXBuildFile; fileRef = D09418432895500B009373CF /* PraznikView.swift */; };
		D09BA79428F58D6B003715F8 /* EparhijeMapView.swift in Sources */ = {isa = PBXBuildFile; fileRef = D09BA79328F58D6B003715F8 /* EparhijeMapView.swift */; };
		D09EE51828FC23BD00A141E8 /* CalendarDetailView.swift in Sources */ = {isa = PBXBuildFile; fileRef = D09EE51728FC23BD00A141E8 /* CalendarDetailView.swift */; };
		D09EE51E28FC283F00A141E8 /* DateValue.swift in Sources */ = {isa = PBXBuildFile; fileRef = D09EE51D28FC283F00A141E8 /* DateValue.swift */; };
		D0A0750D28FF33210019092D /* FastingView.swift in Sources */ = {isa = PBXBuildFile; fileRef = D0A0750C28FF33210019092D /* FastingView.swift */; };
		D0A1D20C288BBE7E00F029BC /* CoreDataManager.swift in Sources */ = {isa = PBXBuildFile; fileRef = D0A1D20B288BBE7E00F029BC /* CoreDataManager.swift */; };
		D0A2B7B828FFF52600CF44F2 /* K.swift in Sources */ = {isa = PBXBuildFile; fileRef = D0A2B7B728FFF52500CF44F2 /* K.swift */; };
		D0A61E0C28E9BABA00BED696 /* ManastirDetailView.swift in Sources */ = {isa = PBXBuildFile; fileRef = D0A61E0B28E9BABA00BED696 /* ManastirDetailView.swift */; };
		D0A6E5EB28FCA9EE00D92AFE /* clarar.otf in Resources */ = {isa = PBXBuildFile; fileRef = D0A6E5EA28FCA9EE00D92AFE /* clarar.otf */; };
		D0A814B3288BCF40003E1CF2 /* CormorantSC-Medium.ttf in Resources */ = {isa = PBXBuildFile; fileRef = D0A814B2288BCF40003E1CF2 /* CormorantSC-Medium.ttf */; };
		D0A814B7288BD4C8003E1CF2 /* CormorantSC-Bold.ttf in Resources */ = {isa = PBXBuildFile; fileRef = D0A814B6288BD4C8003E1CF2 /* CormorantSC-Bold.ttf */; };
		D0A9231928FAEEFF00583404 /* CalendarViewModel.swift in Sources */ = {isa = PBXBuildFile; fileRef = D0A9231828FAEEFF00583404 /* CalendarViewModel.swift */; };
		D0ACA5F42901B9C600AFE875 /* Buttons.swift in Sources */ = {isa = PBXBuildFile; fileRef = D0ACA5F32901B9C600AFE875 /* Buttons.swift */; };
		D0AD7D6428DF969600F6BE1B /* ManastirAnnotationView.swift in Sources */ = {isa = PBXBuildFile; fileRef = D0AD7D6328DF969600F6BE1B /* ManastirAnnotationView.swift */; };
		D0B9628628ED780600A378AB /* Alerts.swift in Sources */ = {isa = PBXBuildFile; fileRef = D0B9628528ED780600A378AB /* Alerts.swift */; };
		D0BF332E28893062005AD934 /* PravoslavljeApp.swift in Sources */ = {isa = PBXBuildFile; fileRef = D0BF332D28893062005AD934 /* PravoslavljeApp.swift */; };
		D0BF333228893072005AD934 /* Assets.xcassets in Resources */ = {isa = PBXBuildFile; fileRef = D0BF333128893072005AD934 /* Assets.xcassets */; };
		D0BF333528893072005AD934 /* Preview Assets.xcassets in Resources */ = {isa = PBXBuildFile; fileRef = D0BF333428893072005AD934 /* Preview Assets.xcassets */; };
		D0C6A65828DD905B00C91E25 /* ManasitriListView.swift in Sources */ = {isa = PBXBuildFile; fileRef = D0C6A65728DD905B00C91E25 /* ManasitriListView.swift */; };
		D0CFA173290ED4E400A32002 /* PravoslavljeContainer.sqlite-wal in Resources */ = {isa = PBXBuildFile; fileRef = D0CFA170290ED4E300A32002 /* PravoslavljeContainer.sqlite-wal */; };
		D0CFA174290ED4E400A32002 /* PravoslavljeContainer.sqlite in Resources */ = {isa = PBXBuildFile; fileRef = D0CFA171290ED4E300A32002 /* PravoslavljeContainer.sqlite */; };
		D0CFA175290ED4E400A32002 /* PravoslavljeContainer.sqlite-shm in Resources */ = {isa = PBXBuildFile; fileRef = D0CFA172290ED4E400A32002 /* PravoslavljeContainer.sqlite-shm */; };
		D0CFA177290EF6E200A32002 /* Extensions.swift in Sources */ = {isa = PBXBuildFile; fileRef = D0CFA176290EF6E200A32002 /* Extensions.swift */; };
		D0F02ACA28FA017E00435E94 /* ImageZoom.swift in Sources */ = {isa = PBXBuildFile; fileRef = D0F02AC928FA017E00435E94 /* ImageZoom.swift */; };
		D0FE582128F359AD008E3183 /* WebView.swift in Sources */ = {isa = PBXBuildFile; fileRef = D0FE582028F359AD008E3183 /* WebView.swift */; };
		D0FE582328F35C86008E3183 /* WikiInfoView.swift in Sources */ = {isa = PBXBuildFile; fileRef = D0FE582228F35C86008E3183 /* WikiInfoView.swift */; };
/* End PBXBuildFile section */

/* Begin PBXFileReference section */
		D00268BB28DF9B0200B7DD83 /* ManastirPreviewView.swift */ = {isa = PBXFileReference; lastKnownFileType = sourcecode.swift; path = ManastirPreviewView.swift; sourceTree = "<group>"; };
		D00FDD0728E839C3000AFA56 /* PravoslavljeContainer.xcdatamodel */ = {isa = PBXFileReference; lastKnownFileType = wrapper.xcdatamodel; path = PravoslavljeContainer.xcdatamodel; sourceTree = "<group>"; };
		D03CEF0228DD8BF100524F91 /* ManastiriView.swift */ = {isa = PBXFileReference; lastKnownFileType = sourcecode.swift; path = ManastiriView.swift; sourceTree = "<group>"; };
		D03CEF0528DD8C7200524F91 /* ManastiriViewModel.swift */ = {isa = PBXFileReference; lastKnownFileType = sourcecode.swift; path = ManastiriViewModel.swift; sourceTree = "<group>"; };
		D04BD073290F1ADE00B27CB3 /* LaunchScreen.swift */ = {isa = PBXFileReference; lastKnownFileType = sourcecode.swift; path = LaunchScreen.swift; sourceTree = "<group>"; };
		D0637C852892708D00C33D4E /* CalendarView.swift */ = {isa = PBXFileReference; lastKnownFileType = sourcecode.swift; path = CalendarView.swift; sourceTree = "<group>"; };
		D0637C8D2892B56F00C33D4E /* CalendarCell.swift */ = {isa = PBXFileReference; lastKnownFileType = sourcecode.swift; path = CalendarCell.swift; sourceTree = "<group>"; };
		D09418432895500B009373CF /* PraznikView.swift */ = {isa = PBXFileReference; lastKnownFileType = sourcecode.swift; path = PraznikView.swift; sourceTree = "<group>"; };
		D09BA79328F58D6B003715F8 /* EparhijeMapView.swift */ = {isa = PBXFileReference; lastKnownFileType = sourcecode.swift; path = EparhijeMapView.swift; sourceTree = "<group>"; };
		D09EE51728FC23BD00A141E8 /* CalendarDetailView.swift */ = {isa = PBXFileReference; lastKnownFileType = sourcecode.swift; path = CalendarDetailView.swift; sourceTree = "<group>"; };
		D09EE51D28FC283F00A141E8 /* DateValue.swift */ = {isa = PBXFileReference; lastKnownFileType = sourcecode.swift; path = DateValue.swift; sourceTree = "<group>"; };
		D0A0750C28FF33210019092D /* FastingView.swift */ = {isa = PBXFileReference; lastKnownFileType = sourcecode.swift; path = FastingView.swift; sourceTree = "<group>"; };
		D0A1D204288BB5C400F029BC /* Info.plist */ = {isa = PBXFileReference; lastKnownFileType = text.plist.xml; path = Info.plist; sourceTree = "<group>"; };
		D0A1D20B288BBE7E00F029BC /* CoreDataManager.swift */ = {isa = PBXFileReference; lastKnownFileType = sourcecode.swift; path = CoreDataManager.swift; sourceTree = "<group>"; };
		D0A2B7B728FFF52500CF44F2 /* K.swift */ = {isa = PBXFileReference; lastKnownFileType = sourcecode.swift; path = K.swift; sourceTree = "<group>"; };
		D0A61E0B28E9BABA00BED696 /* ManastirDetailView.swift */ = {isa = PBXFileReference; lastKnownFileType = sourcecode.swift; path = ManastirDetailView.swift; sourceTree = "<group>"; };
		D0A6E5EA28FCA9EE00D92AFE /* clarar.otf */ = {isa = PBXFileReference; lastKnownFileType = file; path = clarar.otf; sourceTree = "<group>"; };
		D0A814B2288BCF40003E1CF2 /* CormorantSC-Medium.ttf */ = {isa = PBXFileReference; lastKnownFileType = file; path = "CormorantSC-Medium.ttf"; sourceTree = "<group>"; };
		D0A814B6288BD4C8003E1CF2 /* CormorantSC-Bold.ttf */ = {isa = PBXFileReference; lastKnownFileType = file; path = "CormorantSC-Bold.ttf"; sourceTree = "<group>"; };
		D0A9231828FAEEFF00583404 /* CalendarViewModel.swift */ = {isa = PBXFileReference; lastKnownFileType = sourcecode.swift; path = CalendarViewModel.swift; sourceTree = "<group>"; };
		D0ACA5F32901B9C600AFE875 /* Buttons.swift */ = {isa = PBXFileReference; lastKnownFileType = sourcecode.swift; path = Buttons.swift; sourceTree = "<group>"; };
		D0AD7D6328DF969600F6BE1B /* ManastirAnnotationView.swift */ = {isa = PBXFileReference; lastKnownFileType = sourcecode.swift; path = ManastirAnnotationView.swift; sourceTree = "<group>"; };
		D0B9628528ED780600A378AB /* Alerts.swift */ = {isa = PBXFileReference; lastKnownFileType = sourcecode.swift; path = Alerts.swift; sourceTree = "<group>"; };
		D0BF332A28893062005AD934 /* Православље.app */ = {isa = PBXFileReference; explicitFileType = wrapper.application; includeInIndex = 0; path = "Православље.app"; sourceTree = BUILT_PRODUCTS_DIR; };
		D0BF332D28893062005AD934 /* PravoslavljeApp.swift */ = {isa = PBXFileReference; lastKnownFileType = sourcecode.swift; path = PravoslavljeApp.swift; sourceTree = "<group>"; };
		D0BF333128893072005AD934 /* Assets.xcassets */ = {isa = PBXFileReference; lastKnownFileType = folder.assetcatalog; path = Assets.xcassets; sourceTree = "<group>"; };
		D0BF333428893072005AD934 /* Preview Assets.xcassets */ = {isa = PBXFileReference; lastKnownFileType = folder.assetcatalog; path = "Preview Assets.xcassets"; sourceTree = "<group>"; };
		D0C6A65728DD905B00C91E25 /* ManasitriListView.swift */ = {isa = PBXFileReference; lastKnownFileType = sourcecode.swift; path = ManasitriListView.swift; sourceTree = "<group>"; };
		D0CFA170290ED4E300A32002 /* PravoslavljeContainer.sqlite-wal */ = {isa = PBXFileReference; fileEncoding = 4; lastKnownFileType = text; path = "PravoslavljeContainer.sqlite-wal"; sourceTree = "<group>"; };
		D0CFA171290ED4E300A32002 /* PravoslavljeContainer.sqlite */ = {isa = PBXFileReference; lastKnownFileType = file; path = PravoslavljeContainer.sqlite; sourceTree = "<group>"; };
		D0CFA172290ED4E400A32002 /* PravoslavljeContainer.sqlite-shm */ = {isa = PBXFileReference; lastKnownFileType = file; path = "PravoslavljeContainer.sqlite-shm"; sourceTree = "<group>"; };
		D0CFA176290EF6E200A32002 /* Extensions.swift */ = {isa = PBXFileReference; lastKnownFileType = sourcecode.swift; path = Extensions.swift; sourceTree = "<group>"; };
		D0F02AC928FA017E00435E94 /* ImageZoom.swift */ = {isa = PBXFileReference; lastKnownFileType = sourcecode.swift; path = ImageZoom.swift; sourceTree = "<group>"; };
		D0FE582028F359AD008E3183 /* WebView.swift */ = {isa = PBXFileReference; lastKnownFileType = sourcecode.swift; path = WebView.swift; sourceTree = "<group>"; };
		D0FE582228F35C86008E3183 /* WikiInfoView.swift */ = {isa = PBXFileReference; lastKnownFileType = sourcecode.swift; path = WikiInfoView.swift; sourceTree = "<group>"; };
/* End PBXFileReference section */

/* Begin PBXFrameworksBuildPhase section */
		D0BF332728893062005AD934 /* Frameworks */ = {
			isa = PBXFrameworksBuildPhase;
			buildActionMask = 2147483647;
			files = (
			);
			runOnlyForDeploymentPostprocessing = 0;
		};
/* End PBXFrameworksBuildPhase section */

/* Begin PBXGroup section */
		D03163972901A58600314F37 /* Fonts */ = {
			isa = PBXGroup;
			children = (
				D0A814B2288BCF40003E1CF2 /* CormorantSC-Medium.ttf */,
				D0A814B6288BD4C8003E1CF2 /* CormorantSC-Bold.ttf */,
				D0A6E5EA28FCA9EE00D92AFE /* clarar.otf */,
			);
			path = Fonts;
			sourceTree = "<group>";
		};
		D03CEF0428DD8C0000524F91 /* ViewModel */ = {
			isa = PBXGroup;
			children = (
				D03CEF0528DD8C7200524F91 /* ManastiriViewModel.swift */,
				D0A9231828FAEEFF00583404 /* CalendarViewModel.swift */,
			);
			path = ViewModel;
			sourceTree = "<group>";
		};
		D0637C842892705700C33D4E /* Kalendar Tab */ = {
			isa = PBXGroup;
			children = (
				D0637C852892708D00C33D4E /* CalendarView.swift */,
				D09EE51728FC23BD00A141E8 /* CalendarDetailView.swift */,
				D0637C8D2892B56F00C33D4E /* CalendarCell.swift */,
				D09418432895500B009373CF /* PraznikView.swift */,
				D0A0750C28FF33210019092D /* FastingView.swift */,
			);
			path = "Kalendar Tab";
			sourceTree = "<group>";
		};
		D0A1D207288BBB0D00F029BC /* Views */ = {
			isa = PBXGroup;
			children = (
				D04BD073290F1ADE00B27CB3 /* LaunchScreen.swift */,
				D0C6A65628DD904200C91E25 /* Manastiri View */,
				D0637C842892705700C33D4E /* Kalendar Tab */,
				D0B9628428ED774D00A378AB /* Reusable Views */,
			);
			path = Views;
			sourceTree = "<group>";
		};
		D0A1D208288BBB2E00F029BC /* Model */ = {
			isa = PBXGroup;
			children = (
				D09EE51D28FC283F00A141E8 /* DateValue.swift */,
				D00FDD0628E839C3000AFA56 /* PravoslavljeContainer.xcdatamodeld */,
				D0A1D20B288BBE7E00F029BC /* CoreDataManager.swift */,
				D0A814C4288BDE33003E1CF2 /* SQLite Database */,
			);
			path = Model;
			sourceTree = "<group>";
		};
		D0A814C4288BDE33003E1CF2 /* SQLite Database */ = {
			isa = PBXGroup;
			children = (
				D0CFA171290ED4E300A32002 /* PravoslavljeContainer.sqlite */,
				D0CFA172290ED4E400A32002 /* PravoslavljeContainer.sqlite-shm */,
				D0CFA170290ED4E300A32002 /* PravoslavljeContainer.sqlite-wal */,
			);
			path = "SQLite Database";
			sourceTree = "<group>";
		};
		D0A852112896DA180004C1D6 /* Support Files */ = {
			isa = PBXGroup;
			children = (
				D0A2B7B728FFF52500CF44F2 /* K.swift */,
				D0CFA176290EF6E200A32002 /* Extensions.swift */,
				D0BF333128893072005AD934 /* Assets.xcassets */,
				D0A1D204288BB5C400F029BC /* Info.plist */,
				D03163972901A58600314F37 /* Fonts */,
				D0BF333328893072005AD934 /* Preview Content */,
			);
			path = "Support Files";
			sourceTree = "<group>";
		};
		D0B9628428ED774D00A378AB /* Reusable Views */ = {
			isa = PBXGroup;
			children = (
				D0B9628528ED780600A378AB /* Alerts.swift */,
				D0ACA5F32901B9C600AFE875 /* Buttons.swift */,
			);
			path = "Reusable Views";
			sourceTree = "<group>";
		};
		D0BF332128893062005AD934 = {
			isa = PBXGroup;
			children = (
				D0BF332C28893062005AD934 /* Православље */,
				D0BF332B28893062005AD934 /* Products */,
			);
			sourceTree = "<group>";
		};
		D0BF332B28893062005AD934 /* Products */ = {
			isa = PBXGroup;
			children = (
				D0BF332A28893062005AD934 /* Православље.app */,
			);
			name = Products;
			sourceTree = "<group>";
		};
		D0BF332C28893062005AD934 /* Православље */ = {
			isa = PBXGroup;
			children = (
				D0BF332D28893062005AD934 /* PravoslavljeApp.swift */,
				D0A1D208288BBB2E00F029BC /* Model */,
				D0A1D207288BBB0D00F029BC /* Views */,
				D03CEF0428DD8C0000524F91 /* ViewModel */,
				D0A852112896DA180004C1D6 /* Support Files */,
			);
			path = "Православље";
			sourceTree = "<group>";
		};
		D0BF333328893072005AD934 /* Preview Content */ = {
			isa = PBXGroup;
			children = (
				D0BF333428893072005AD934 /* Preview Assets.xcassets */,
			);
			path = "Preview Content";
			sourceTree = "<group>";
		};
		D0C6A65628DD904200C91E25 /* Manastiri View */ = {
			isa = PBXGroup;
			children = (
				D03CEF0228DD8BF100524F91 /* ManastiriView.swift */,
				D0C6A65728DD905B00C91E25 /* ManasitriListView.swift */,
				D00268BB28DF9B0200B7DD83 /* ManastirPreviewView.swift */,
				D0A61E0B28E9BABA00BED696 /* ManastirDetailView.swift */,
				D0AD7D6328DF969600F6BE1B /* ManastirAnnotationView.swift */,
				D0F02ACB28FA129D00435E94 /* Show Wikipedia */,
				D0F02ACC28FA12AA00435E94 /* Show Eparhije Map */,
			);
			path = "Manastiri View";
			sourceTree = "<group>";
		};
		D0F02ACB28FA129D00435E94 /* Show Wikipedia */ = {
			isa = PBXGroup;
			children = (
				D0FE582228F35C86008E3183 /* WikiInfoView.swift */,
				D0FE582028F359AD008E3183 /* WebView.swift */,
			);
			path = "Show Wikipedia";
			sourceTree = "<group>";
		};
		D0F02ACC28FA12AA00435E94 /* Show Eparhije Map */ = {
			isa = PBXGroup;
			children = (
				D09BA79328F58D6B003715F8 /* EparhijeMapView.swift */,
				D0F02AC928FA017E00435E94 /* ImageZoom.swift */,
			);
			path = "Show Eparhije Map";
			sourceTree = "<group>";
		};
/* End PBXGroup section */

/* Begin PBXNativeTarget section */
		D0BF332928893062005AD934 /* Православље */ = {
			isa = PBXNativeTarget;
			buildConfigurationList = D0BF333D28893072005AD934 /* Build configuration list for PBXNativeTarget "Православље" */;
			buildPhases = (
				D0BF332628893062005AD934 /* Sources */,
				D0BF332728893062005AD934 /* Frameworks */,
				D0BF332828893062005AD934 /* Resources */,
			);
			buildRules = (
			);
			dependencies = (
			);
			name = "Православље";
			productName = Pravoslavlje;
			productReference = D0BF332A28893062005AD934 /* Православље.app */;
			productType = "com.apple.product-type.application";
		};
/* End PBXNativeTarget section */

/* Begin PBXProject section */
		D0BF332228893062005AD934 /* Project object */ = {
			isa = PBXProject;
			attributes = {
				BuildIndependentTargetsInParallel = 1;
				LastSwiftUpdateCheck = 1340;
				LastUpgradeCheck = 1340;
				TargetAttributes = {
					D0BF332928893062005AD934 = {
						CreatedOnToolsVersion = 13.4;
					};
				};
			};
			buildConfigurationList = D0BF332528893062005AD934 /* Build configuration list for PBXProject "Православље" */;
			compatibilityVersion = "Xcode 13.0";
			developmentRegion = en;
			hasScannedForEncodings = 0;
			knownRegions = (
				en,
				Base,
			);
			mainGroup = D0BF332128893062005AD934;
			productRefGroup = D0BF332B28893062005AD934 /* Products */;
			projectDirPath = "";
			projectRoot = "";
			targets = (
				D0BF332928893062005AD934 /* Православље */,
			);
		};
/* End PBXProject section */

/* Begin PBXResourcesBuildPhase section */
		D0BF332828893062005AD934 /* Resources */ = {
			isa = PBXResourcesBuildPhase;
			buildActionMask = 2147483647;
			files = (
				D0CFA173290ED4E400A32002 /* PravoslavljeContainer.sqlite-wal in Resources */,
				D0A814B7288BD4C8003E1CF2 /* CormorantSC-Bold.ttf in Resources */,
				D0CFA175290ED4E400A32002 /* PravoslavljeContainer.sqlite-shm in Resources */,
				D0BF333528893072005AD934 /* Preview Assets.xcassets in Resources */,
				D0BF333228893072005AD934 /* Assets.xcassets in Resources */,
				D0A814B3288BCF40003E1CF2 /* CormorantSC-Medium.ttf in Resources */,
				D0A6E5EB28FCA9EE00D92AFE /* clarar.otf in Resources */,
				D0CFA174290ED4E400A32002 /* PravoslavljeContainer.sqlite in Resources */,
			);
			runOnlyForDeploymentPostprocessing = 0;
		};
/* End PBXResourcesBuildPhase section */

/* Begin PBXSourcesBuildPhase section */
		D0BF332628893062005AD934 /* Sources */ = {
			isa = PBXSourcesBuildPhase;
			buildActionMask = 2147483647;
			files = (
				D0A1D20C288BBE7E00F029BC /* CoreDataManager.swift in Sources */,
				D0FE582128F359AD008E3183 /* WebView.swift in Sources */,
				D09EE51828FC23BD00A141E8 /* CalendarDetailView.swift in Sources */,
				D0B9628628ED780600A378AB /* Alerts.swift in Sources */,
				D00FDD0828E839C3000AFA56 /* PravoslavljeContainer.xcdatamodeld in Sources */,
				D0A9231928FAEEFF00583404 /* CalendarViewModel.swift in Sources */,
				D0637C862892708D00C33D4E /* CalendarView.swift in Sources */,
				D0A61E0C28E9BABA00BED696 /* ManastirDetailView.swift in Sources */,
				D0637C8E2892B56F00C33D4E /* CalendarCell.swift in Sources */,
				D0A2B7B828FFF52600CF44F2 /* K.swift in Sources */,
				D03CEF0328DD8BF100524F91 /* ManastiriView.swift in Sources */,
				D0ACA5F42901B9C600AFE875 /* Buttons.swift in Sources */,
				D00268BC28DF9B0200B7DD83 /* ManastirPreviewView.swift in Sources */,
				D03CEF0628DD8C7200524F91 /* ManastiriViewModel.swift in Sources */,
				D09EE51E28FC283F00A141E8 /* DateValue.swift in Sources */,
				D0F02ACA28FA017E00435E94 /* ImageZoom.swift in Sources */,
				D0AD7D6428DF969600F6BE1B /* ManastirAnnotationView.swift in Sources */,
				D09418442895500B009373CF /* PraznikView.swift in Sources */,
				D0A0750D28FF33210019092D /* FastingView.swift in Sources */,
				D0CFA177290EF6E200A32002 /* Extensions.swift in Sources */,
				D0C6A65828DD905B00C91E25 /* ManasitriListView.swift in Sources */,
				D0FE582328F35C86008E3183 /* WikiInfoView.swift in Sources */,
				D04BD074290F1ADE00B27CB3 /* LaunchScreen.swift in Sources */,
				D0BF332E28893062005AD934 /* PravoslavljeApp.swift in Sources */,
				D09BA79428F58D6B003715F8 /* EparhijeMapView.swift in Sources */,
			);
			runOnlyForDeploymentPostprocessing = 0;
		};
/* End PBXSourcesBuildPhase section */

/* Begin XCBuildConfiguration section */
		D0BF333B28893072005AD934 /* Debug */ = {
			isa = XCBuildConfiguration;
			buildSettings = {
				ALWAYS_SEARCH_USER_PATHS = NO;
				CLANG_ANALYZER_NONNULL = YES;
				CLANG_ANALYZER_NUMBER_OBJECT_CONVERSION = YES_AGGRESSIVE;
				CLANG_CXX_LANGUAGE_STANDARD = "gnu++17";
				CLANG_ENABLE_MODULES = YES;
				CLANG_ENABLE_OBJC_ARC = YES;
				CLANG_ENABLE_OBJC_WEAK = YES;
				CLANG_WARN_BLOCK_CAPTURE_AUTORELEASING = YES;
				CLANG_WARN_BOOL_CONVERSION = YES;
				CLANG_WARN_COMMA = YES;
				CLANG_WARN_CONSTANT_CONVERSION = YES;
				CLANG_WARN_DEPRECATED_OBJC_IMPLEMENTATIONS = YES;
				CLANG_WARN_DIRECT_OBJC_ISA_USAGE = YES_ERROR;
				CLANG_WARN_DOCUMENTATION_COMMENTS = YES;
				CLANG_WARN_EMPTY_BODY = YES;
				CLANG_WARN_ENUM_CONVERSION = YES;
				CLANG_WARN_INFINITE_RECURSION = YES;
				CLANG_WARN_INT_CONVERSION = YES;
				CLANG_WARN_NON_LITERAL_NULL_CONVERSION = YES;
				CLANG_WARN_OBJC_IMPLICIT_RETAIN_SELF = YES;
				CLANG_WARN_OBJC_LITERAL_CONVERSION = YES;
				CLANG_WARN_OBJC_ROOT_CLASS = YES_ERROR;
				CLANG_WARN_QUOTED_INCLUDE_IN_FRAMEWORK_HEADER = YES;
				CLANG_WARN_RANGE_LOOP_ANALYSIS = YES;
				CLANG_WARN_STRICT_PROTOTYPES = YES;
				CLANG_WARN_SUSPICIOUS_MOVE = YES;
				CLANG_WARN_UNGUARDED_AVAILABILITY = YES_AGGRESSIVE;
				CLANG_WARN_UNREACHABLE_CODE = YES;
				CLANG_WARN__DUPLICATE_METHOD_MATCH = YES;
				COPY_PHASE_STRIP = NO;
				DEBUG_INFORMATION_FORMAT = dwarf;
				ENABLE_STRICT_OBJC_MSGSEND = YES;
				ENABLE_TESTABILITY = YES;
				GCC_C_LANGUAGE_STANDARD = gnu11;
				GCC_DYNAMIC_NO_PIC = NO;
				GCC_NO_COMMON_BLOCKS = YES;
				GCC_OPTIMIZATION_LEVEL = 0;
				GCC_PREPROCESSOR_DEFINITIONS = (
					"DEBUG=1",
					"$(inherited)",
				);
				GCC_WARN_64_TO_32_BIT_CONVERSION = YES;
				GCC_WARN_ABOUT_RETURN_TYPE = YES_ERROR;
				GCC_WARN_UNDECLARED_SELECTOR = YES;
				GCC_WARN_UNINITIALIZED_AUTOS = YES_AGGRESSIVE;
				GCC_WARN_UNUSED_FUNCTION = YES;
				GCC_WARN_UNUSED_VARIABLE = YES;
				IPHONEOS_DEPLOYMENT_TARGET = 15.0;
				MTL_ENABLE_DEBUG_INFO = INCLUDE_SOURCE;
				MTL_FAST_MATH = YES;
				ONLY_ACTIVE_ARCH = YES;
				SDKROOT = iphoneos;
				SWIFT_ACTIVE_COMPILATION_CONDITIONS = DEBUG;
				SWIFT_OPTIMIZATION_LEVEL = "-Onone";
			};
			name = Debug;
		};
		D0BF333C28893072005AD934 /* Release */ = {
			isa = XCBuildConfiguration;
			buildSettings = {
				ALWAYS_SEARCH_USER_PATHS = NO;
				CLANG_ANALYZER_NONNULL = YES;
				CLANG_ANALYZER_NUMBER_OBJECT_CONVERSION = YES_AGGRESSIVE;
				CLANG_CXX_LANGUAGE_STANDARD = "gnu++17";
				CLANG_ENABLE_MODULES = YES;
				CLANG_ENABLE_OBJC_ARC = YES;
				CLANG_ENABLE_OBJC_WEAK = YES;
				CLANG_WARN_BLOCK_CAPTURE_AUTORELEASING = YES;
				CLANG_WARN_BOOL_CONVERSION = YES;
				CLANG_WARN_COMMA = YES;
				CLANG_WARN_CONSTANT_CONVERSION = YES;
				CLANG_WARN_DEPRECATED_OBJC_IMPLEMENTATIONS = YES;
				CLANG_WARN_DIRECT_OBJC_ISA_USAGE = YES_ERROR;
				CLANG_WARN_DOCUMENTATION_COMMENTS = YES;
				CLANG_WARN_EMPTY_BODY = YES;
				CLANG_WARN_ENUM_CONVERSION = YES;
				CLANG_WARN_INFINITE_RECURSION = YES;
				CLANG_WARN_INT_CONVERSION = YES;
				CLANG_WARN_NON_LITERAL_NULL_CONVERSION = YES;
				CLANG_WARN_OBJC_IMPLICIT_RETAIN_SELF = YES;
				CLANG_WARN_OBJC_LITERAL_CONVERSION = YES;
				CLANG_WARN_OBJC_ROOT_CLASS = YES_ERROR;
				CLANG_WARN_QUOTED_INCLUDE_IN_FRAMEWORK_HEADER = YES;
				CLANG_WARN_RANGE_LOOP_ANALYSIS = YES;
				CLANG_WARN_STRICT_PROTOTYPES = YES;
				CLANG_WARN_SUSPICIOUS_MOVE = YES;
				CLANG_WARN_UNGUARDED_AVAILABILITY = YES_AGGRESSIVE;
				CLANG_WARN_UNREACHABLE_CODE = YES;
				CLANG_WARN__DUPLICATE_METHOD_MATCH = YES;
				COPY_PHASE_STRIP = NO;
				DEBUG_INFORMATION_FORMAT = "dwarf-with-dsym";
				ENABLE_NS_ASSERTIONS = NO;
				ENABLE_STRICT_OBJC_MSGSEND = YES;
				GCC_C_LANGUAGE_STANDARD = gnu11;
				GCC_NO_COMMON_BLOCKS = YES;
				GCC_WARN_64_TO_32_BIT_CONVERSION = YES;
				GCC_WARN_ABOUT_RETURN_TYPE = YES_ERROR;
				GCC_WARN_UNDECLARED_SELECTOR = YES;
				GCC_WARN_UNINITIALIZED_AUTOS = YES_AGGRESSIVE;
				GCC_WARN_UNUSED_FUNCTION = YES;
				GCC_WARN_UNUSED_VARIABLE = YES;
				IPHONEOS_DEPLOYMENT_TARGET = 15.0;
				MTL_ENABLE_DEBUG_INFO = NO;
				MTL_FAST_MATH = YES;
				SDKROOT = iphoneos;
				SWIFT_COMPILATION_MODE = wholemodule;
				SWIFT_OPTIMIZATION_LEVEL = "-O";
				VALIDATE_PRODUCT = YES;
			};
			name = Release;
		};
		D0BF333E28893072005AD934 /* Debug */ = {
			isa = XCBuildConfiguration;
			buildSettings = {
				ASSETCATALOG_COMPILER_APPICON_NAME = AppIcon;
				ASSETCATALOG_COMPILER_GLOBAL_ACCENT_COLOR_NAME = AccentColor;
				CODE_SIGN_IDENTITY = "Apple Development";
				CODE_SIGN_STYLE = Automatic;
				CURRENT_PROJECT_VERSION = 1;
				DEVELOPMENT_ASSET_PATHS = "\"Православље/Support Files/Preview Content\"";
				DEVELOPMENT_TEAM = 4L9MK9G9TT;
				ENABLE_PREVIEWS = YES;
				GENERATE_INFOPLIST_FILE = YES;
				INFOPLIST_FILE = "Православље/Support Files/Info.plist";
				INFOPLIST_KEY_UIApplicationSceneManifest_Generation = YES;
				INFOPLIST_KEY_UIApplicationSupportsIndirectInputEvents = YES;
				INFOPLIST_KEY_UILaunchScreen_Generation = YES;
				INFOPLIST_KEY_UISupportedInterfaceOrientations_iPad = "UIInterfaceOrientationPortrait UIInterfaceOrientationPortraitUpsideDown UIInterfaceOrientationLandscapeLeft UIInterfaceOrientationLandscapeRight";
				INFOPLIST_KEY_UISupportedInterfaceOrientations_iPhone = "UIInterfaceOrientationPortrait UIInterfaceOrientationLandscapeLeft UIInterfaceOrientationLandscapeRight";
				LD_RUNPATH_SEARCH_PATHS = (
					"$(inherited)",
					"@executable_path/Frameworks",
				);
				MARKETING_VERSION = 1.0;
				PRODUCT_BUNDLE_IDENTIFIER = veljkobazalac.Pravoslavlje;
				PRODUCT_NAME = "Православље";
				PROVISIONING_PROFILE_SPECIFIER = "";
				SWIFT_EMIT_LOC_STRINGS = YES;
				SWIFT_VERSION = 5.0;
				TARGETED_DEVICE_FAMILY = "1,2";
			};
			name = Debug;
		};
		D0BF333F28893072005AD934 /* Release */ = {
			isa = XCBuildConfiguration;
			buildSettings = {
				ASSETCATALOG_COMPILER_APPICON_NAME = AppIcon;
				ASSETCATALOG_COMPILER_GLOBAL_ACCENT_COLOR_NAME = AccentColor;
				CODE_SIGN_IDENTITY = "Apple Development";
				CODE_SIGN_STYLE = Automatic;
				CURRENT_PROJECT_VERSION = 1;
				DEVELOPMENT_ASSET_PATHS = "\"Православље/Support Files/Preview Content\"";
				DEVELOPMENT_TEAM = 4L9MK9G9TT;
				ENABLE_PREVIEWS = YES;
				GENERATE_INFOPLIST_FILE = YES;
				INFOPLIST_FILE = "Православље/Support Files/Info.plist";
				INFOPLIST_KEY_UIApplicationSceneManifest_Generation = YES;
				INFOPLIST_KEY_UIApplicationSupportsIndirectInputEvents = YES;
				INFOPLIST_KEY_UILaunchScreen_Generation = YES;
				INFOPLIST_KEY_UISupportedInterfaceOrientations_iPad = "UIInterfaceOrientationPortrait UIInterfaceOrientationPortraitUpsideDown UIInterfaceOrientationLandscapeLeft UIInterfaceOrientationLandscapeRight";
				INFOPLIST_KEY_UISupportedInterfaceOrientations_iPhone = "UIInterfaceOrientationPortrait UIInterfaceOrientationLandscapeLeft UIInterfaceOrientationLandscapeRight";
				LD_RUNPATH_SEARCH_PATHS = (
					"$(inherited)",
					"@executable_path/Frameworks",
				);
				MARKETING_VERSION = 1.0;
				PRODUCT_BUNDLE_IDENTIFIER = veljkobazalac.Pravoslavlje;
				PRODUCT_NAME = "Православље";
				PROVISIONING_PROFILE_SPECIFIER = "";
				SWIFT_EMIT_LOC_STRINGS = YES;
				SWIFT_VERSION = 5.0;
				TARGETED_DEVICE_FAMILY = "1,2";
			};
			name = Release;
		};
/* End XCBuildConfiguration section */

/* Begin XCConfigurationList section */
		D0BF332528893062005AD934 /* Build configuration list for PBXProject "Православље" */ = {
			isa = XCConfigurationList;
			buildConfigurations = (
				D0BF333B28893072005AD934 /* Debug */,
				D0BF333C28893072005AD934 /* Release */,
			);
			defaultConfigurationIsVisible = 0;
			defaultConfigurationName = Release;
		};
		D0BF333D28893072005AD934 /* Build configuration list for PBXNativeTarget "Православље" */ = {
			isa = XCConfigurationList;
			buildConfigurations = (
				D0BF333E28893072005AD934 /* Debug */,
				D0BF333F28893072005AD934 /* Release */,
			);
			defaultConfigurationIsVisible = 0;
			defaultConfigurationName = Release;
		};
/* End XCConfigurationList section */

/* Begin XCVersionGroup section */
		D00FDD0628E839C3000AFA56 /* PravoslavljeContainer.xcdatamodeld */ = {
			isa = XCVersionGroup;
			children = (
				D00FDD0728E839C3000AFA56 /* PravoslavljeContainer.xcdatamodel */,
			);
			currentVersion = D00FDD0728E839C3000AFA56 /* PravoslavljeContainer.xcdatamodel */;
			path = PravoslavljeContainer.xcdatamodeld;
			sourceTree = "<group>";
			versionGroupType = wrapper.xcdatamodel;
		};
/* End XCVersionGroup section */
	};
	rootObject = D0BF332228893062005AD934 /* Project object */;
}
